
Microsoft Visual Studio Solution File, Format Version 12.00
# Visual Studio Version 17
VisualStudioVersion = 17.2.32505.173
MinimumVisualStudioVersion = 10.0.40219.1
Project("{9A19103F-16F7-4668-BE54-9A1E7A4F7556}") = "MvcBookInventoryMangment", "BookInventoryMangment\MvcBookInventoryMangment.csproj", "{6BCFB444-F7FE-4268-8E72-10E852DDA4AE}"
EndProject
Project("{9A19103F-16F7-4668-BE54-9A1E7A4F7556}") = "BookInventoryMangmentEF", "BookInventoryMangmentEF\BookInventoryMangmentEF.csproj", "{9BFBA35C-9E84-4CDD-B360-D8B5EC27BD40}"
EndProject
Global
	GlobalSection(SolutionConfigurationPlatforms) = preSolution
		Debug|Any CPU = Debug|Any CPU
		Release|Any CPU = Release|Any CPU
	EndGlobalSection
	GlobalSection(ProjectConfigurationPlatforms) = postSolution
		{6BCFB444-F7FE-4268-8E72-10E852DDA4AE}.Debug|Any CPU.ActiveCfg = Debug|Any CPU
		{6BCFB444-F7FE-4268-8E72-10E852DDA4AE}.Debug|Any CPU.Build.0 = Debug|Any CPU
		{6BCFB444-F7FE-4268-8E72-10E852DDA4AE}.Release|Any CPU.ActiveCfg = Release|Any CPU
		{6BCFB444-F7FE-4268-8E72-10E852DDA4AE}.Release|Any CPU.Build.0 = Release|Any CPU
		{9BFBA35C-9E84-4CDD-B360-D8B5EC27BD40}.Debug|Any CPU.ActiveCfg = Debug|Any CPU
		{9BFBA35C-9E84-4CDD-B360-D8B5EC27BD40}.Debug|Any CPU.Build.0 = Debug|Any CPU
		{9BFBA35C-9E84-4CDD-B360-D8B5EC27BD40}.Release|Any CPU.ActiveCfg = Release|Any CPU
		{9BFBA35C-9E84-4CDD-B360-D8B5EC27BD40}.Release|Any CPU.Build.0 = Release|Any CPU
	EndGlobalSection
	GlobalSection(SolutionProperties) = preSolution
		HideSolutionNode = FALSE
	EndGlobalSection
	GlobalSection(ExtensibilityGlobals) = postSolution
		SolutionGuid = {B23FEE37-12A6-4A8D-B3B5-4E454E84F5D4}
	EndGlobalSection
EndGlobal
